github.com/digitorus/pkcs7 v0.0.0-20230713084857-e76b763bdc49/go.mod h1:SKVExuS+vpu2l9IoOc0RwqE7NYnb0JlcFHFnEJkVDzc=
github.com/digitorus/pkcs7 v0.0.0-20260914070511-d678ea5ea03f h1:LBDTasGDT7gkpSl3tIq+V4Yy0nr+l+ZmI6VN9MY9FU0=
github.com/digitorus/pkcs7 v0.0.0-20260914070511-d678ea5ea03f/go.mod h1:OQvyvldkvDCxGsUPLSibXqM4B/Pz5RaXQP4CPo5LXs4=
github.com/digitorus/timestamp v0.0.0-20250524132541-c45532741eea h1:ALRwvjsSP53QmnN3Bcj0NpR8SsFLnskny/EIMebAk1c=
github.com/digitorus/timestamp v0.0.0-20250524132541-c45532741eea/go.mod h1:GvWntX9qiTlOud0WkQ6ewFm0LPy5JUR1Xo0Ngbd1w6Y=
golang.org/x/crypto v0.56.0 h1:GUh5Ii4J5jtcseSMiRqr1jXCNHoxjeV9Fmekc2oLy6Y=
golang.org/x/crypto v0.56.0/go.mod h1:OMW5y6CY9l38uPLmxU6l6pwcXp1obtLo3e6gT7gQR2I=
