github.com/digitorus/pdf v0.0.0-20220308185202-1128e48814b5 h1:tHO76lKkbhUeH1WHndyqFvN/vGx4abKhct95xWRY7UU=
github.com/digitorus/pdf v0.0.0-20220308185202-1128e48814b5/go.mod h1:05fDDJhPswBRM7GTfqCxNiDyeNcN0f+IobfOAl5pdXw=
github.com/digitorus/pdf v0.1.1 h1:1U9rjSK5QdL+QMhiggLayJtBAgxPOQKqP1emsj86UBs=
github.com/digitorus/pdf v0.1.1/go.mod h1:jMpgQyxhpentZGc/FM+S387JIlI6jAs2nehjb7Yiea4=
github.com/digitorus/pdf v0.1.2 h1:RjYEJNbiV6Kcn8QzRi6pwHuOaSieUUrg4EZo4b7KuIQ=
github.com/digitorus/pdf v0.1.2/go.mod h1:05fDDJhPswBRM7GTfqCxNiDyeNcN0f+IobfOAl5pdXw=
github.com/digitorus/pkcs7 v0.0.0-20200320092839-808436b6f6d1 h1:V1cgDSp4Kq4eMCfazhWyqi2Js7BijkgPnp4Yej9CD9I=
github.com/digitorus/pkcs7 v0.0.0-20200320092839-808436b6f6d1/go.mod h1:p2IZ9yq2kEKGFr3rfpYxaaOzB0VdLbF8VkZReEIpJmU=
github.com/digitorus/pkcs7 v0.0.0-20220704143225-a9c8106cbfc6 h1:b98clxJQS08ohZb7PuAqYJw6WvIJGcAWoUVPgOHwNw0=
github.com/digitorus/pkcs7 v0.0.0-20220704143225-a9c8106cbfc6/go.mod h1:ajT9Iifwrck892Z07+wD+dRRv9ULmlmPG0A+OHSrDuQ=
github.com/digitorus/timestamp v0.0.0-20210102082646-54ddd7720e27 h1:X8tvQGATvS7vQBAPPn0f7nQPcTamu4ecCbRafPrBgik=
github.com/digitorus/timestamp v0.0.0-20210102082646-54ddd7720e27/go.mod h1:IKw2TcDeMaZrNjpdq7gPc7I+a21+Sn34bUqWrTc70Hs=
github.com/digitorus/timestamp v0.0.0-20220630080933-558840f252f5 h1:zYpNMBe+1x3h0FMTJThci7KimEldiiOrn0ENMP6+I/8=
github.com/digitorus/timestamp v0.0.0-20220630080933-558840f252f5/go.mod h1:IKw2TcDeMaZrNjpdq7gPc7I+a21+Sn34bUqWrTc70Hs=
github.com/digitorus/timestamp v0.0.0-20220630150916-a1b00e34b289 h1:WIoYZV4zZKwIymytM65i+WgqyTN/ElCf7KddV01C+0s=
github.com/digitorus/timestamp v0.0.0-20220630150916-a1b00e34b289/go.mod h1:IKw2TcDeMaZrNjpdq7gPc7I+a21+Sn34bUqWrTc70Hs=
github.com/digitorus/timestamp v0.0.0-20220704143351-8225fba02d52 h1:8yE7SkzxCSHuu6++s3P2lJJZGLLS8Q5uL3MMwK3wD/U=
github.com/digitorus/timestamp v0.0.0-20220704143351-8225fba02d52/go.mod h1:pSqPNzhOhJrn3N5w7GvPHUuaGa7pPf4cKNm57fGLe2E=
github.com/mattetti/filebuffer v1.0.1 h1:gG7pyfnSIZCxdoKq+cPa8T0hhYtD9NxCdI4D7PTjRLM=
github.com/mattetti/filebuffer v1.0.1/go.mod h1:YdMURNDOttIiruleeVr6f56OrMc+MydEnTcXwtkxNVs=
golang.org/x/crypto v0.0.0-20220307211146-efcb8507fb70 h1:syTAU9FwmvzEoIYMqcPHOcVm4H3U5u90WsvuYgwpETU=
golang.org/x/crypto v0.0.0-20220307211146-efcb8507fb70/go.mod h1:IxCIyHEi3zRg3s0A5j5BB6A9Jmi73HwBIUl50j+osU4=
golang.org/x/net v0.0.0-20211112202133-69e39bad7dc2/go.mod h1:9nx3DQGgdP8bBQD5qxJ1jj9UTztislL4KSBs9R2vV5Y=
golang.org/x/sys v0.0.0-20201119102817-f84b799fce68/go.mod h1:h1NjWce9XRLGQEsW7wpKNCjG9DtNlClVuFLEZdDNbEs=
golang.org/x/sys v0.0.0-20210423082822-04245dca01da/go.mod h1:h1NjWce9XRLGQEsW7wpKNCjG9DtNlClVuFLEZdDNbEs=
golang.org/x/sys v0.0.0-20210615035016-665e8c7367d1/go.mod h1:oPkhp1MJrh7nUepCBck5+mAzfO9JrbApNNgaTdGDITg=
golang.org/x/term v0.0.0-20201126162022-7de9c90e9dd1/go.mod h1:bj7SfCRtBDWHUb9snDiAeCFNEtKQo2Wmx5Cou7ajbmo=
golang.org/x/text v0.3.6/go.mod h1:5Zoc/QRtKVWzQhOtBMvqHzDpF6irO9z98xDceosuGiQ=
golang.org/x/tools v0.0.0-20180917221912-90fa682c2a6e/go.mod h1:n7NCudcB/nEzxVGmLbDWY5pfWTLqBcC2KZ6jyYvM4mQ=
