github.com/digitorus/pdf v0.1.2 h1:RjYEJNbiV6Kcn8QzRi6pwHuOaSieUUrg4EZo4b7KuIQ=
github.com/digitorus/pdf v0.1.2/go.mod h1:05fDDJhPswBRM7GTfqCxNiDyeNcN0f+IobfOAl5pdXw=
github.com/digitorus/pkcs7 v0.0.0-20230713084857-e76b763bdc49/go.mod h1:SKVExuS+vpu2l9IoOc0RwqE7NYnb0JlcFHFnEJkVDzc=
github.com/digitorus/pkcs7 v0.0.0-20230818184609-3a137a874352 h1:ge14PCmCvPjpMQMIAH7uKg0lrtNSOdpYsRXlwk3QbaE=
github.com/digitorus/pkcs7 v0.0.0-20230818184609-3a137a874352/go.mod h1:SKVExuS+vpu2l9IoOc0RwqE7NYnb0JlcFHFnEJkVDzc=
github.com/digitorus/timestamp v0.0.0-20231217203849-220c5c2851b7 h1:lxmTCgmHE1GUYL7P0MlNa00M67axePTq+9nBSGddR8I=
github.com/digitorus/timestamp v0.0.0-20231217203849-220c5c2851b7/go.mod h1:GvWntX9qiTlOud0WkQ6ewFm0LPy5JUR1Xo0Ngbd1w6Y=
github.com/mattetti/filebuffer v1.0.1 h1:gG7pyfnSIZCxdoKq+cPa8T0hhYtD9NxCdI4D7PTjRLM=
github.com/mattetti/filebuffer v1.0.1/go.mod h1:YdMURNDOttIiruleeVr6f56OrMc+MydEnTcXwtkxNVs=
golang.org/x/crypto v0.41.0 h1:WKYxWedPGCTVVl5+WHSSrOBT0O8lx32+zxmHxijgXp4=
golang.org/x/crypto v0.41.0/go.mod h1:pO5AFd7FA68rFak7rOAGVuygIISepHftHnr8dr6+sUc=
golang.org/x/text v0.28.0 h1:rhazDwis8INMIwQ4tpjLDzUhx6RlXqZNPEM0huQojng=
golang.org/x/text v0.28.0/go.mod h1:U8nCwOR8jO/marOQ0QbDiOngZVEBB7MAiitBuMjXiNU=
